github.com/fsnotify/fsnotify v1.5.4 h1:jRbGcIw6P2Meqdwuo0H1p6JVLbL5DHKAKlYndzMwVZI=
github.com/fsnotify/fsnotify v1.5.4/go.mod h1:OVB6XrOHzAwXMpEM7uPOzcehqUV2UqJxmVXmkdnm1bU=
github.com/google/uuid v1.3.0 h1:t6JiXgmwXMjEs8VusXIJk2BXHsn+wx8BZdTaoZ5fu7I=
github.com/google/uuid v1.3.0/go.mod h1:TIyPZe4MgqvfeYDBFedMoGGpEw/LqOeaOT+nhxU+yHo=
github.com/quadtrix/aesengine v0.0.0-20220906202953-d3c4a0850b26 h1:xNQ186Ru2NgfgRMoLtK1iIGi4jtAodstqHNJ+mqe6ME=
github.com/quadtrix/aesengine v0.0.0-20220906202953-d3c4a0850b26/go.mod h1:A7fSAFCFxRO+vNvSbh8ocVc2g17eKvNJvp+HFzlmMIA=
github.com/quadtrix/audit v0.0.0-20220906210803-eb70e793003b h1:FKV9XCpvWT/fHnFIlaLsFKyVzVWRkQXBYEgVBwrGSiY=
github.com/quadtrix/audit v0.0.0-20220906210803-eb70e793003b/go.mod h1:DySbpOfJHOOpS3y0McdjDchlnWqNAd5yGWDPjJmA+8U=
github.com/quadtrix/basicqueue v0.0.0-20220906210829-976526254a22 h1:qPhA0iPmLOxrQrFLFakLboaGpP/2mFaNhbwE+8OBNOc=
github.com/quadtrix/basicqueue v0.0.0-20220906210829-976526254a22/go.mod h1:2OapA4DWQHZ/Wk5Wk72PimSe7C2UXoM7Qbm+/1ILEvg=
github.com/quadtrix/servicelogger v0.0.0-20220906210303-16c75e1f730b h1:BfgXnLrzzQob8vVYETPZJEYwtTYCtNuXT68JF7XjzEk=
github.com/quadtrix/servicelogger v0.0.0-20220906210303-16c75e1f730b/go.mod h1:pnmSwIr8KxPbIOMhsIisMWo2HdzNxwdpIRilmAMYwYk=
golang.org/x/sys v0.0.0-20220412211240-33da011f77ad h1:ntjMns5wyP/fN65tdBD4g8J5w8n015+iIIs9rtjXkY0=
golang.org/x/sys v0.0.0-20220412211240-33da011f77ad/go.mod h1:oPkhp1MJrh7nUepCBck5+mAzfO9JrbApNNgaTdGDITg=
