github.com/fsnotify/fsnotify v1.6.0 h1:n+5WquG0fcWoWp6xPWfHdbskMCQaFnG6PfBrh1Ky4HY=
github.com/fsnotify/fsnotify v1.6.0/go.mod h1:sl3t1tCWJFWoRz9R8WJCbQihKKwmorjAbSClcnxKAGw=
github.com/fsnotify/fsnotify v1.6.1-0.20230713180834-9342b6df5779 h1:QfgYVn8mwrJRJYkoKxYKon2n/XT90QULsLMvvchhth0=
github.com/fsnotify/fsnotify v1.6.1-0.20230713180834-9342b6df5779/go.mod h1:40Bi/Hjc2AVfZrqy+aj+yEI+/bRxZnMJyTJwOpGvigM=
github.com/google/uuid v1.3.0 h1:t6JiXgmwXMjEs8VusXIJk2BXHsn+wx8BZdTaoZ5fu7I=
github.com/google/uuid v1.3.0/go.mod h1:TIyPZe4MgqvfeYDBFedMoGGpEw/LqOeaOT+nhxU+yHo=
github.com/quadtrix/aesengine v0.0.0-20230802091001-7827ba49b67d h1:xNo0macBVLMWCAAPRblR4Ai3Xz8iAoNf522Y32pkXCE=
github.com/quadtrix/aesengine v0.0.0-20230802091001-7827ba49b67d/go.mod h1:MTYiXwLJz46KqVSTWTCCw2o19FVwQqjhNm6G9TwEbMI=
github.com/quadtrix/audit v0.9.0-RC1 h1:k9bQFXMJKLyIHG92rKg5ySs5cfhLi36rVomgnelm8pA=
github.com/quadtrix/audit v0.9.0-RC1/go.mod h1:Hv0wMApvkp8KEJRl0t9khqYGGBWO+btG4cJ2IESaxKQ=
github.com/quadtrix/basicqueue v0.9.1-RC1 h1:NfEP0YYzlsOyaNHA/D2Y90QhHYNfvrNvlNSQFKPaBIk=
github.com/quadtrix/basicqueue v0.9.1-RC1/go.mod h1:XMh0VkTmcsU+uE6nJvlbH3m3/5FJxNtC2VOgUPBevrQ=
github.com/quadtrix/discoverer v0.9.1-beta2.0.20230810090816-f3f44586144f h1:gdnQlTvIznhJD3hxCjvEngR39aCTWyyTPdOek/O0XvE=
github.com/quadtrix/discoverer v0.9.1-beta2.0.20230810090816-f3f44586144f/go.mod h1:PvbTGBbhLmoMRj/W77UcvL/sTuxzcG5AhXbxnVis9fM=
github.com/quadtrix/servicelogger v1.0.1-rc2 h1:aLULdGhkjshe7CNs/3ZFiqGEYHUSRx9vyo0LtmUZcKA=
github.com/quadtrix/servicelogger v1.0.1-rc2/go.mod h1:Flopvk6JG16uUTEUMkHxNOaM9Yi0xyqAL/bl4Yf9Odc=
golang.org/x/sys v0.0.0-20220908164124-27713097b956 h1:XeJjHH1KiLpKGb6lvMiksZ9l0fVUh+AmGcm0nOMEBOY=
golang.org/x/sys v0.0.0-20220908164124-27713097b956/go.mod h1:oPkhp1MJrh7nUepCBck5+mAzfO9JrbApNNgaTdGDITg=
golang.org/x/sys v0.4.0 h1:Zr2JFtRQNX3BCZ8YtxRE9hNJYC8J6I1MVbMg6owUp18=
golang.org/x/sys v0.4.0/go.mod h1:oPkhp1MJrh7nUepCBck5+mAzfO9JrbApNNgaTdGDITg=
golang.org/x/sys v0.11.0 h1:eG7RXZHdqOJ1i+0lgLgCpSXAp6M3LYlAo6osgSi0xOM=
golang.org/x/sys v0.11.0/go.mod h1:oPkhp1MJrh7nUepCBck5+mAzfO9JrbApNNgaTdGDITg=
