github.com/fsnotify/fsnotify v1.6.0 h1:n+5WquG0fcWoWp6xPWfHdbskMCQaFnG6PfBrh1Ky4HY=
github.com/fsnotify/fsnotify v1.6.0/go.mod h1:sl3t1tCWJFWoRz9R8WJCbQihKKwmorjAbSClcnxKAGw=
github.com/google/uuid v1.3.0 h1:t6JiXgmwXMjEs8VusXIJk2BXHsn+wx8BZdTaoZ5fu7I=
github.com/google/uuid v1.3.0/go.mod h1:TIyPZe4MgqvfeYDBFedMoGGpEw/LqOeaOT+nhxU+yHo=
github.com/quadtrix/aesengine v0.0.0-20220907055548-598d44c87ea8 h1:odhv8xDihZS1YTDq9c+IlSxxCJx590A/d8rVv0ENZvs=
github.com/quadtrix/aesengine v0.0.0-20220907055548-598d44c87ea8/go.mod h1:b5iN1GjSIoU+ztXQGk/K1BQR08pI2F4xdRHsMiMd6WY=
github.com/quadtrix/audit v0.0.0-20220915120706-0d274eee61e2 h1:yKNkUurX6H6HhN2XfEZicDvMJJpdsB51eGp+SLn0o+g=
github.com/quadtrix/audit v0.0.0-20220915120706-0d274eee61e2/go.mod h1:tZDI2OwEGG1ERaa1DlpHOKpRP5k02lOxTd3v+v2Twmk=
github.com/quadtrix/basicqueue v0.0.0-20221010155045-2f326ad09ed2 h1:pRqphta2OhuXDKgnfIek58JRyuXTTWfxGjzZLeLVRGI=
github.com/quadtrix/basicqueue v0.0.0-20221010155045-2f326ad09ed2/go.mod h1:s7zeId4YtX5lSaA1PQsSA2fD2toeZH1Aib0jNAx3aHI=
github.com/quadtrix/servicelogger v0.0.0-20221003131534-7ba9cadd9093 h1:4U0RPrNTS3LkVD6m1xz9pmQphv2HRisXLN/12I4pazg=
github.com/quadtrix/servicelogger v0.0.0-20221003131534-7ba9cadd9093/go.mod h1:ITv9L1MAFwu6E+sv6rrAGTzoKD3NRX7Qtcbui9g5QiM=
golang.org/x/sys v0.0.0-20220908164124-27713097b956 h1:XeJjHH1KiLpKGb6lvMiksZ9l0fVUh+AmGcm0nOMEBOY=
golang.org/x/sys v0.0.0-20220908164124-27713097b956/go.mod h1:oPkhp1MJrh7nUepCBck5+mAzfO9JrbApNNgaTdGDITg=
